{
  "nodes": {
    "nixpkgs": {
      "locked": {
        "lastModified": 1786106723,
        "narHash": "sha256-zDSUbpoeo/9ZmD2+wXnzxoo1+uhL8vxc0b8yuYMKYq0=",
        "owner": "NixOS",
        "repo": "nixpkgs",
        "rev": "f13ff45afd1bb73e640eaa08a7066dbed07e3238",
        "type": "github"
      },
      "original": {
        "owner": "NixOS",
        "ref": "nixos-unstable",
        "repo": "nixpkgs",
        "type": "github"
      }
    },
    "root": {
      "inputs": {
        "nixpkgs": "nixpkgs",
        "s3ql-source": "s3ql-source"
      }
    },
    "s3ql-source": {
      "flake": false,
      "locked": {
        "lastModified": 1784813262,
        "narHash": "sha256-YPp/QN5oYyTzYLfb7KJGsvEF7wTt94XwuYCjCOF3cos=",
        "owner": "s3ql",
        "repo": "s3ql",
        "rev": "0ffd787f76515d57efa03d3f65526c221852df90",
        "type": "github"
      },
      "original": {
        "owner": "s3ql",
        "ref": "s3ql-6.3.0",
        "repo": "s3ql",
        "type": "github"
      }
    }
  },
  "root": "root",
  "version": 7
}
